// !$*UTF8*$!
{
	archiveVersion = 1;
	classes = {
	};
	objectVersion = 46;
	objects = {

/* Begin PBXBuildFile section */
		3BDC528F72AB980586454CEE /* Pods.framework in Frameworks */ = {isa = PBXBuildFile; fileRef = 1747CFC0C2EE27C330709955 /* Pods.framework */; };
		7506D23B1CB416EA009CD911 /* HomeViewController.m in Sources */ = {isa = PBXBuildFile; fileRef = 7506D23A1CB416EA009CD911 /* HomeViewController.m */; };
		750D79D71CC26CAD004EAFFC /* DCTimeView.m in Sources */ = {isa = PBXBuildFile; fileRef = 750D79D61CC26CAD004EAFFC /* DCTimeView.m */; };
		752057481CC1E52200DB7183 /* DCTimeModel.m in Sources */ = {isa = PBXBuildFile; fileRef = 752057471CC1E52200DB7183 /* DCTimeModel.m */; };
		7520574E1CC1EA1100DB7183 /* AutoVideoCellModel.m in Sources */ = {isa = PBXBuildFile; fileRef = 7520574D1CC1EA1100DB7183 /* AutoVideoCellModel.m */; };
		752057511CC25F2A00DB7183 /* DCPlayerControlModel.m in Sources */ = {isa = PBXBuildFile; fileRef = 752057501CC25F2A00DB7183 /* DCPlayerControlModel.m */; };
		752057541CC26A1100DB7183 /* DCFireView.m in Sources */ = {isa = PBXBuildFile; fileRef = 752057531CC26A1100DB7183 /* DCFireView.m */; };
		7528132E1CC3DE3700BB8026 /* DCAudioPlayer.m in Sources */ = {isa = PBXBuildFile; fileRef = 7528132D1CC3DE3700BB8026 /* DCAudioPlayer.m */; };
		752813351CC3E1CC00BB8026 /* audio1.wav in Resources */ = {isa = PBXBuildFile; fileRef = 7528132F1CC3E1CC00BB8026 /* audio1.wav */; };
		752813361CC3E1CC00BB8026 /* audio2.wav in Resources */ = {isa = PBXBuildFile; fileRef = 752813301CC3E1CC00BB8026 /* audio2.wav */; };
		752813371CC3E1CC00BB8026 /* audio3.wav in Resources */ = {isa = PBXBuildFile; fileRef = 752813311CC3E1CC00BB8026 /* audio3.wav */; };
		752813381CC3E1CC00BB8026 /* audio4.wav in Resources */ = {isa = PBXBuildFile; fileRef = 752813321CC3E1CC00BB8026 /* audio4.wav */; };
		752813391CC3E1CC00BB8026 /* audio5.wav in Resources */ = {isa = PBXBuildFile; fileRef = 752813331CC3E1CC00BB8026 /* audio5.wav */; };
		7528133A1CC3E1CC00BB8026 /* audio6.wav in Resources */ = {isa = PBXBuildFile; fileRef = 752813341CC3E1CC00BB8026 /* audio6.wav */; };
		753B4B941CCC4B7D00F78AB6 /* dida.mp3 in Resources */ = {isa = PBXBuildFile; fileRef = 753B4B931CCC4B7D00F78AB6 /* dida.mp3 */; };
		7541F0D81CC3783300197DA3 /* Assets.xcassets in Resources */ = {isa = PBXBuildFile; fileRef = 7541F0D71CC3783300197DA3 /* Assets.xcassets */; };
		755B01361CBFEA4D003838D9 /* AutoVideoViewModel.m in Sources */ = {isa = PBXBuildFile; fileRef = 755B01351CBFEA4D003838D9 /* AutoVideoViewModel.m */; };
		755B01391CBFECF4003838D9 /* DCFireViewModel.m in Sources */ = {isa = PBXBuildFile; fileRef = 755B01381CBFECF4003838D9 /* DCFireViewModel.m */; };
		756B72181CB8F29500269EE8 /* MaterialController.m in Sources */ = {isa = PBXBuildFile; fileRef = 756B72171CB8F29500269EE8 /* MaterialController.m */; };
		756B721B1CB8F31300269EE8 /* AVFoundation.framework in Frameworks */ = {isa = PBXBuildFile; fileRef = 756B721A1CB8F31300269EE8 /* AVFoundation.framework */; };
		756B721E1CB8F4B600269EE8 /* LCPlayerView.m in Sources */ = {isa = PBXBuildFile; fileRef = 756B721D1CB8F4B600269EE8 /* LCPlayerView.m */; };
		756B72211CB8F5DF00269EE8 /* LCPlayer.m in Sources */ = {isa = PBXBuildFile; fileRef = 756B72201CB8F5DF00269EE8 /* LCPlayer.m */; };
		757A47081CC32B340098DAC5 /* DCRecordTimeView.m in Sources */ = {isa = PBXBuildFile; fileRef = 757A47071CC32B340098DAC5 /* DCRecordTimeView.m */; };
		75903BEE1CB415BE0070330D /* main.m in Sources */ = {isa = PBXBuildFile; fileRef = 75903BED1CB415BE0070330D /* main.m */; };
		75903BF11CB415BE0070330D /* AppDelegate.m in Sources */ = {isa = PBXBuildFile; fileRef = 75903BF01CB415BE0070330D /* AppDelegate.m */; };
		75903BF71CB415BE0070330D /* Main.storyboard in Resources */ = {isa = PBXBuildFile; fileRef = 75903BF51CB415BE0070330D /* Main.storyboard */; };
		75903BFC1CB415BE0070330D /* LaunchScreen.storyboard in Resources */ = {isa = PBXBuildFile; fileRef = 75903BFA1CB415BE0070330D /* LaunchScreen.storyboard */; };
		75CCF7671CBA069D00A8F349 /* GreenBottomBar.m in Sources */ = {isa = PBXBuildFile; fileRef = 75CCF7661CBA069D00A8F349 /* GreenBottomBar.m */; };
		75CCF7911CBA136700A8F349 /* cook1.mov in Resources */ = {isa = PBXBuildFile; fileRef = 75CCF7891CBA136700A8F349 /* cook1.mov */; };
		75CCF7921CBA136700A8F349 /* cook2.mov in Resources */ = {isa = PBXBuildFile; fileRef = 75CCF78A1CBA136700A8F349 /* cook2.mov */; };
		75CCF7931CBA136700A8F349 /* cook3.mov in Resources */ = {isa = PBXBuildFile; fileRef = 75CCF78B1CBA136700A8F349 /* cook3.mov */; };
		75CCF7941CBA136700A8F349 /* cook4.mov in Resources */ = {isa = PBXBuildFile; fileRef = 75CCF78C1CBA136700A8F349 /* cook4.mov */; };
		75CCF7951CBA136700A8F349 /* cook5.mov in Resources */ = {isa = PBXBuildFile; fileRef = 75CCF78D1CBA136700A8F349 /* cook5.mov */; };
		75CCF7961CBA136700A8F349 /* cook6.mov in Resources */ = {isa = PBXBuildFile; fileRef = 75CCF78E1CBA136700A8F349 /* cook6.mov */; };
		75CCF7971CBA136700A8F349 /* meterial.mov in Resources */ = {isa = PBXBuildFile; fileRef = 75CCF78F1CBA136700A8F349 /* meterial.mov */; };
		75CCF7981CBA136700A8F349 /* prepare.mov in Resources */ = {isa = PBXBuildFile; fileRef = 75CCF7901CBA136700A8F349 /* prepare.mov */; };
		75CCF7AB1CBA148000A8F349 /* BDReusableViewModel.m in Sources */ = {isa = PBXBuildFile; fileRef = 75CCF79B1CBA148000A8F349 /* BDReusableViewModel.m */; };
		75CCF7AC1CBA148000A8F349 /* BaseModelDataSource.m in Sources */ = {isa = PBXBuildFile; fileRef = 75CCF79E1CBA148000A8F349 /* BaseModelDataSource.m */; };
		75CCF7AD1CBA148000A8F349 /* ModelCollectionViewDataSource.m in Sources */ = {isa = PBXBuildFile; fileRef = 75CCF7A01CBA148000A8F349 /* ModelCollectionViewDataSource.m */; };
		75CCF7AE1CBA148000A8F349 /* ModelTableViewDataSource.m in Sources */ = {isa = PBXBuildFile; fileRef = 75CCF7A21CBA148000A8F349 /* ModelTableViewDataSource.m */; };
		75CCF7AF1CBA148000A8F349 /* ReusableFooterModel.m in Sources */ = {isa = PBXBuildFile; fileRef = 75CCF7A41CBA148000A8F349 /* ReusableFooterModel.m */; };
		75CCF7B01CBA148000A8F349 /* ReusableHeaderModel.m in Sources */ = {isa = PBXBuildFile; fileRef = 75CCF7A61CBA148000A8F349 /* ReusableHeaderModel.m */; };
		75CCF7B11CBA148000A8F349 /* SupplementaryModel.m in Sources */ = {isa = PBXBuildFile; fileRef = 75CCF7A81CBA148000A8F349 /* SupplementaryModel.m */; };
		75CCF7B21CBA148000A8F349 /* UIColorPicker.m in Sources */ = {isa = PBXBuildFile; fileRef = 75CCF7AA1CBA148000A8F349 /* UIColorPicker.m */; };
		75CCF7B61CBA14AB00A8F349 /* MateriaModel.m in Sources */ = {isa = PBXBuildFile; fileRef = 75CCF7B51CBA14AB00A8F349 /* MateriaModel.m */; };
		75CCF7BB1CBA163000A8F349 /* HomeTableViewCell.m in Sources */ = {isa = PBXBuildFile; fileRef = 75CCF7B91CBA163000A8F349 /* HomeTableViewCell.m */; };
		75CCF7BC1CBA163000A8F349 /* HomeTableViewCell.xib in Resources */ = {isa = PBXBuildFile; fileRef = 75CCF7BA1CBA163000A8F349 /* HomeTableViewCell.xib */; };
		75CCF7C61CBA168200A8F349 /* MaterialTableViewCell.m in Sources */ = {isa = PBXBuildFile; fileRef = 75CCF7C41CBA168200A8F349 /* MaterialTableViewCell.m */; };
		75CCF7C71CBA168200A8F349 /* MaterialTableViewCell.xib in Resources */ = {isa = PBXBuildFile; fileRef = 75CCF7C51CBA168200A8F349 /* MaterialTableViewCell.xib */; };
		75CCF7CA1CBA3E7100A8F349 /* ManualVideoViewController.m in Sources */ = {isa = PBXBuildFile; fileRef = 75CCF7C91CBA3E7100A8F349 /* ManualVideoViewController.m */; };
		75CCF7D11CBA3F7400A8F349 /* ManualVideoTableViewCell.m in Sources */ = {isa = PBXBuildFile; fileRef = 75CCF7CF1CBA3F7400A8F349 /* ManualVideoTableViewCell.m */; };
		75CCF7D21CBA3F7400A8F349 /* ManualVideoTableViewCell.xib in Resources */ = {isa = PBXBuildFile; fileRef = 75CCF7D01CBA3F7400A8F349 /* ManualVideoTableViewCell.xib */; };
		75CCF7D51CBA470E00A8F349 /* AutoVideoViewController.m in Sources */ = {isa = PBXBuildFile; fileRef = 75CCF7D41CBA470E00A8F349 /* AutoVideoViewController.m */; };
		75CCF7DC1CBA732900A8F349 /* AutoVideoTableViewCell.m in Sources */ = {isa = PBXBuildFile; fileRef = 75CCF7DA1CBA732900A8F349 /* AutoVideoTableViewCell.m */; };
		75CCF7DD1CBA732900A8F349 /* AutoVideoTableViewCell.xib in Resources */ = {isa = PBXBuildFile; fileRef = 75CCF7DB1CBA732900A8F349 /* AutoVideoTableViewCell.xib */; };
		75CCF7E31CBA782500A8F349 /* LCPlayControlView.m in Sources */ = {isa = PBXBuildFile; fileRef = 75CCF7E21CBA782500A8F349 /* LCPlayControlView.m */; };
/* End PBXBuildFile section */

/* Begin PBXFileReference section */
		1747CFC0C2EE27C330709955 /* Pods.framework */ = {isa = PBXFileReference; explicitFileType = wrapper.framework; includeInIndex = 0; path = Pods.framework; sourceTree = BUILT_PRODUCTS_DIR; };
		7506D2391CB416EA009CD911 /* HomeViewController.h */ = {isa = PBXFileReference; fileEncoding = 4; lastKnownFileType = sourcecode.c.h; path = HomeViewController.h; sourceTree = "<group>"; };
		7506D23A1CB416EA009CD911 /* HomeViewController.m */ = {isa = PBXFileReference; fileEncoding = 4; lastKnownFileType = sourcecode.c.objc; path = HomeViewController.m; sourceTree = "<group>"; };
		750D79D51CC26CAD004EAFFC /* DCTimeView.h */ = {isa = PBXFileReference; fileEncoding = 4; lastKnownFileType = sourcecode.c.h; path = DCTimeView.h; sourceTree = "<group>"; };
		750D79D61CC26CAD004EAFFC /* DCTimeView.m */ = {isa = PBXFileReference; fileEncoding = 4; lastKnownFileType = sourcecode.c.objc; path = DCTimeView.m; sourceTree = "<group>"; };
		752057461CC1E52200DB7183 /* DCTimeModel.h */ = {isa = PBXFileReference; fileEncoding = 4; lastKnownFileType = sourcecode.c.h; path = DCTimeModel.h; sourceTree = "<group>"; };
		752057471CC1E52200DB7183 /* DCTimeModel.m */ = {isa = PBXFileReference; fileEncoding = 4; lastKnownFileType = sourcecode.c.objc; path = DCTimeModel.m; sourceTree = "<group>"; };
		7520574C1CC1EA1100DB7183 /* AutoVideoCellModel.h */ = {isa = PBXFileReference; fileEncoding = 4; lastKnownFileType = sourcecode.c.h; path = AutoVideoCellModel.h; sourceTree = "<group>"; };
		7520574D1CC1EA1100DB7183 /* AutoVideoCellModel.m */ = {isa = PBXFileReference; fileEncoding = 4; lastKnownFileType = sourcecode.c.objc; path = AutoVideoCellModel.m; sourceTree = "<group>"; };
		7520574F1CC25F2A00DB7183 /* DCPlayerControlModel.h */ = {isa = PBXFileReference; fileEncoding = 4; lastKnownFileType = sourcecode.c.h; path = DCPlayerControlModel.h; sourceTree = "<group>"; };
		752057501CC25F2A00DB7183 /* DCPlayerControlModel.m */ = {isa = PBXFileReference; fileEncoding = 4; lastKnownFileType = sourcecode.c.objc; path = DCPlayerControlModel.m; sourceTree = "<group>"; };
		752057521CC26A1100DB7183 /* DCFireView.h */ = {isa = PBXFileReference; fileEncoding = 4; lastKnownFileType = sourcecode.c.h; path = DCFireView.h; sourceTree = "<group>"; };
		752057531CC26A1100DB7183 /* DCFireView.m */ = {isa = PBXFileReference; fileEncoding = 4; lastKnownFileType = sourcecode.c.objc; path = DCFireView.m; sourceTree = "<group>"; };
		7528132C1CC3DE3700BB8026 /* DCAudioPlayer.h */ = {isa = PBXFileReference; fileEncoding = 4; lastKnownFileType = sourcecode.c.h; path = DCAudioPlayer.h; sourceTree = "<group>"; };
		7528132D1CC3DE3700BB8026 /* DCAudioPlayer.m */ = {isa = PBXFileReference; fileEncoding = 4; lastKnownFileType = sourcecode.c.objc; path = DCAudioPlayer.m; sourceTree = "<group>"; };
		7528132F1CC3E1CC00BB8026 /* audio1.wav */ = {isa = PBXFileReference; lastKnownFileType = audio.wav; path = audio1.wav; sourceTree = "<group>"; };
		752813301CC3E1CC00BB8026 /* audio2.wav */ = {isa = PBXFileReference; lastKnownFileType = audio.wav; path = audio2.wav; sourceTree = "<group>"; };
		752813311CC3E1CC00BB8026 /* audio3.wav */ = {isa = PBXFileReference; lastKnownFileType = audio.wav; path = audio3.wav; sourceTree = "<group>"; };
		752813321CC3E1CC00BB8026 /* audio4.wav */ = {isa = PBXFileReference; lastKnownFileType = audio.wav; path = audio4.wav; sourceTree = "<group>"; };
		752813331CC3E1CC00BB8026 /* audio5.wav */ = {isa = PBXFileReference; lastKnownFileType = audio.wav; path = audio5.wav; sourceTree = "<group>"; };
		752813341CC3E1CC00BB8026 /* audio6.wav */ = {isa = PBXFileReference; lastKnownFileType = audio.wav; path = audio6.wav; sourceTree = "<group>"; };
		753B4B931CCC4B7D00F78AB6 /* dida.mp3 */ = {isa = PBXFileReference; lastKnownFileType = audio.mp3; path = dida.mp3; sourceTree = "<group>"; };
		7541F0D71CC3783300197DA3 /* Assets.xcassets */ = {isa = PBXFileReference; lastKnownFileType = folder.assetcatalog; path = Assets.xcassets; sourceTree = "<group>"; };
		755B01341CBFEA4D003838D9 /* AutoVideoViewModel.h */ = {isa = PBXFileReference; fileEncoding = 4; lastKnownFileType = sourcecode.c.h; path = AutoVideoViewModel.h; sourceTree = "<group>"; };
		755B01351CBFEA4D003838D9 /* AutoVideoViewModel.m */ = {isa = PBXFileReference; fileEncoding = 4; lastKnownFileType = sourcecode.c.objc; path = AutoVideoViewModel.m; sourceTree = "<group>"; };
		755B01371CBFECF4003838D9 /* DCFireViewModel.h */ = {isa = PBXFileReference; fileEncoding = 4; lastKnownFileType = sourcecode.c.h; path = DCFireViewModel.h; sourceTree = "<group>"; };
		755B01381CBFECF4003838D9 /* DCFireViewModel.m */ = {isa = PBXFileReference; fileEncoding = 4; lastKnownFileType = sourcecode.c.objc; path = DCFireViewModel.m; sourceTree = "<group>"; };
		756B72161CB8F29500269EE8 /* MaterialController.h */ = {isa = PBXFileReference; fileEncoding = 4; lastKnownFileType = sourcecode.c.h; path = MaterialController.h; sourceTree = "<group>"; };
		756B72171CB8F29500269EE8 /* MaterialController.m */ = {isa = PBXFileReference; fileEncoding = 4; lastKnownFileType = sourcecode.c.objc; path = MaterialController.m; sourceTree = "<group>"; };
		756B721A1CB8F31300269EE8 /* AVFoundation.framework */ = {isa = PBXFileReference; lastKnownFileType = wrapper.framework; name = AVFoundation.framework; path = System/Library/Frameworks/AVFoundation.framework; sourceTree = SDKROOT; };
		756B721C1CB8F4B600269EE8 /* LCPlayerView.h */ = {isa = PBXFileReference; fileEncoding = 4; lastKnownFileType = sourcecode.c.h; path = LCPlayerView.h; sourceTree = "<group>"; };
		756B721D1CB8F4B600269EE8 /* LCPlayerView.m */ = {isa = PBXFileReference; fileEncoding = 4; lastKnownFileType = sourcecode.c.objc; path = LCPlayerView.m; sourceTree = "<group>"; };
		756B721F1CB8F5DF00269EE8 /* LCPlayer.h */ = {isa = PBXFileReference; fileEncoding = 4; lastKnownFileType = sourcecode.c.h; path = LCPlayer.h; sourceTree = "<group>"; };
		756B72201CB8F5DF00269EE8 /* LCPlayer.m */ = {isa = PBXFileReference; fileEncoding = 4; lastKnownFileType = sourcecode.c.objc; path = LCPlayer.m; sourceTree = "<group>"; };
		757A47061CC32B340098DAC5 /* DCRecordTimeView.h */ = {isa = PBXFileReference; fileEncoding = 4; lastKnownFileType = sourcecode.c.h; path = DCRecordTimeView.h; sourceTree = "<group>"; };
		757A47071CC32B340098DAC5 /* DCRecordTimeView.m */ = {isa = PBXFileReference; fileEncoding = 4; lastKnownFileType = sourcecode.c.objc; path = DCRecordTimeView.m; sourceTree = "<group>"; };
		75903BE91CB415BE0070330D /* DietCoach.app */ = {isa = PBXFileReference; explicitFileType = wrapper.application; includeInIndex = 0; path = DietCoach.app; sourceTree = BUILT_PRODUCTS_DIR; };
		75903BED1CB415BE0070330D /* main.m */ = {isa = PBXFileReference; lastKnownFileType = sourcecode.c.objc; path = main.m; sourceTree = "<group>"; };
		75903BEF1CB415BE0070330D /* AppDelegate.h */ = {isa = PBXFileReference; lastKnownFileType = sourcecode.c.h; path = AppDelegate.h; sourceTree = "<group>"; };
		75903BF01CB415BE0070330D /* AppDelegate.m */ = {isa = PBXFileReference; lastKnownFileType = sourcecode.c.objc; path = AppDelegate.m; sourceTree = "<group>"; };
		75903BF61CB415BE0070330D /* Base */ = {isa = PBXFileReference; lastKnownFileType = file.storyboard; name = Base; path = Base.lproj/Main.storyboard; sourceTree = "<group>"; };
		75903BFB1CB415BE0070330D /* Base */ = {isa = PBXFileReference; lastKnownFileType = file.storyboard; name = Base; path = Base.lproj/LaunchScreen.storyboard; sourceTree = "<group>"; };
		75903BFD1CB415BE0070330D /* Info.plist */ = {isa = PBXFileReference; lastKnownFileType = text.plist.xml; path = Info.plist; sourceTree = "<group>"; };
		75CCF7651CBA069D00A8F349 /* GreenBottomBar.h */ = {isa = PBXFileReference; fileEncoding = 4; lastKnownFileType = sourcecode.c.h; path = GreenBottomBar.h; sourceTree = "<group>"; };
		75CCF7661CBA069D00A8F349 /* GreenBottomBar.m */ = {isa = PBXFileReference; fileEncoding = 4; lastKnownFileType = sourcecode.c.objc; path = GreenBottomBar.m; sourceTree = "<group>"; };
		75CCF77E1CBA0E2600A8F349 /* LCCommonMacro.h */ = {isa = PBXFileReference; fileEncoding = 4; lastKnownFileType = sourcecode.c.h; path = LCCommonMacro.h; sourceTree = "<group>"; };
		75CCF7891CBA136700A8F349 /* cook1.mov */ = {isa = PBXFileReference; lastKnownFileType = video.quicktime; path = cook1.mov; sourceTree = "<group>"; };
		75CCF78A1CBA136700A8F349 /* cook2.mov */ = {isa = PBXFileReference; lastKnownFileType = video.quicktime; path = cook2.mov; sourceTree = "<group>"; };
		75CCF78B1CBA136700A8F349 /* cook3.mov */ = {isa = PBXFileReference; lastKnownFileType = video.quicktime; path = cook3.mov; sourceTree = "<group>"; };
		75CCF78C1CBA136700A8F349 /* cook4.mov */ = {isa = PBXFileReference; lastKnownFileType = video.quicktime; path = cook4.mov; sourceTree = "<group>"; };
		75CCF78D1CBA136700A8F349 /* cook5.mov */ = {isa = PBXFileReference; lastKnownFileType = video.quicktime; path = cook5.mov; sourceTree = "<group>"; };
		75CCF78E1CBA136700A8F349 /* cook6.mov */ = {isa = PBXFileReference; lastKnownFileType = video.quicktime; path = cook6.mov; sourceTree = "<group>"; };
		75CCF78F1CBA136700A8F349 /* meterial.mov */ = {isa = PBXFileReference; lastKnownFileType = video.quicktime; path = meterial.mov; sourceTree = "<group>"; };
		75CCF7901CBA136700A8F349 /* prepare.mov */ = {isa = PBXFileReference; lastKnownFileType = video.quicktime; path = prepare.mov; sourceTree = "<group>"; };
		75CCF79A1CBA148000A8F349 /* BDReusableViewModel.h */ = {isa = PBXFileReference; fileEncoding = 4; lastKnownFileType = sourcecode.c.h; path = BDReusableViewModel.h; sourceTree = "<group>"; };
		75CCF79B1CBA148000A8F349 /* BDReusableViewModel.m */ = {isa = PBXFileReference; fileEncoding = 4; lastKnownFileType = sourcecode.c.objc; path = BDReusableViewModel.m; sourceTree = "<group>"; };
		75CCF79D1CBA148000A8F349 /* BaseModelDataSource.h */ = {isa = PBXFileReference; fileEncoding = 4; lastKnownFileType = sourcecode.c.h; path = BaseModelDataSource.h; sourceTree = "<group>"; };
		75CCF79E1CBA148000A8F349 /* BaseModelDataSource.m */ = {isa = PBXFileReference; fileEncoding = 4; lastKnownFileType = sourcecode.c.objc; path = BaseModelDataSource.m; sourceTree = "<group>"; };
		75CCF79F1CBA148000A8F349 /* ModelCollectionViewDataSource.h */ = {isa = PBXFileReference; fileEncoding = 4; lastKnownFileType = sourcecode.c.h; path = ModelCollectionViewDataSource.h; sourceTree = "<group>"; };
		75CCF7A01CBA148000A8F349 /* ModelCollectionViewDataSource.m */ = {isa = PBXFileReference; fileEncoding = 4; lastKnownFileType = sourcecode.c.objc; path = ModelCollectionViewDataSource.m; sourceTree = "<group>"; };
		75CCF7A11CBA148000A8F349 /* ModelTableViewDataSource.h */ = {isa = PBXFileReference; fileEncoding = 4; lastKnownFileType = sourcecode.c.h; path = ModelTableViewDataSource.h; sourceTree = "<group>"; };
		75CCF7A21CBA148000A8F349 /* ModelTableViewDataSource.m */ = {isa = PBXFileReference; fileEncoding = 4; lastKnownFileType = sourcecode.c.objc; path = ModelTableViewDataSource.m; sourceTree = "<group>"; };
		75CCF7A31CBA148000A8F349 /* ReusableFooterModel.h */ = {isa = PBXFileReference; fileEncoding = 4; lastKnownFileType = sourcecode.c.h; path = ReusableFooterModel.h; sourceTree = "<group>"; };
		75CCF7A41CBA148000A8F349 /* ReusableFooterModel.m */ = {isa = PBXFileReference; fileEncoding = 4; lastKnownFileType = sourcecode.c.objc; path = ReusableFooterModel.m; sourceTree = "<group>"; };
		75CCF7A51CBA148000A8F349 /* ReusableHeaderModel.h */ = {isa = PBXFileReference; fileEncoding = 4; lastKnownFileType = sourcecode.c.h; path = ReusableHeaderModel.h; sourceTree = "<group>"; };
		75CCF7A61CBA148000A8F349 /* ReusableHeaderModel.m */ = {isa = PBXFileReference; fileEncoding = 4; lastKnownFileType = sourcecode.c.objc; path = ReusableHeaderModel.m; sourceTree = "<group>"; };
		75CCF7A71CBA148000A8F349 /* SupplementaryModel.h */ = {isa = PBXFileReference; fileEncoding = 4; lastKnownFileType = sourcecode.c.h; path = SupplementaryModel.h; sourceTree = "<group>"; };
		75CCF7A81CBA148000A8F349 /* SupplementaryModel.m */ = {isa = PBXFileReference; fileEncoding = 4; lastKnownFileType = sourcecode.c.objc; path = SupplementaryModel.m; sourceTree = "<group>"; };
		75CCF7A91CBA148000A8F349 /* UIColorPicker.h */ = {isa = PBXFileReference; fileEncoding = 4; lastKnownFileType = sourcecode.c.h; path = UIColorPicker.h; sourceTree = "<group>"; };
		75CCF7AA1CBA148000A8F349 /* UIColorPicker.m */ = {isa = PBXFileReference; fileEncoding = 4; lastKnownFileType = sourcecode.c.objc; path = UIColorPicker.m; sourceTree = "<group>"; };
		75CCF7B41CBA14AB00A8F349 /* MateriaModel.h */ = {isa = PBXFileReference; fileEncoding = 4; lastKnownFileType = sourcecode.c.h; path = MateriaModel.h; sourceTree = "<group>"; };
		75CCF7B51CBA14AB00A8F349 /* MateriaModel.m */ = {isa = PBXFileReference; fileEncoding = 4; lastKnownFileType = sourcecode.c.objc; path = MateriaModel.m; sourceTree = "<group>"; };
		75CCF7B81CBA163000A8F349 /* HomeTableViewCell.h */ = {isa = PBXFileReference; fileEncoding = 4; lastKnownFileType = sourcecode.c.h; path = HomeTableViewCell.h; sourceTree = "<group>"; };
		75CCF7B91CBA163000A8F349 /* HomeTableViewCell.m */ = {isa = PBXFileReference; fileEncoding = 4; lastKnownFileType = sourcecode.c.objc; path = HomeTableViewCell.m; sourceTree = "<group>"; };
		75CCF7BA1CBA163000A8F349 /* HomeTableViewCell.xib */ = {isa = PBXFileReference; fileEncoding = 4; lastKnownFileType = file.xib; path = HomeTableViewCell.xib; sourceTree = "<group>"; };
		75CCF7C31CBA168200A8F349 /* MaterialTableViewCell.h */ = {isa = PBXFileReference; fileEncoding = 4; lastKnownFileType = sourcecode.c.h; path = MaterialTableViewCell.h; sourceTree = "<group>"; };
		75CCF7C41CBA168200A8F349 /* MaterialTableViewCell.m */ = {isa = PBXFileReference; fileEncoding = 4; lastKnownFileType = sourcecode.c.objc; path = MaterialTableViewCell.m; sourceTree = "<group>"; };
		75CCF7C51CBA168200A8F349 /* MaterialTableViewCell.xib */ = {isa = PBXFileReference; fileEncoding = 4; lastKnownFileType = file.xib; path = MaterialTableViewCell.xib; sourceTree = "<group>"; };
		75CCF7C81CBA3E7100A8F349 /* ManualVideoViewController.h */ = {isa = PBXFileReference; fileEncoding = 4; lastKnownFileType = sourcecode.c.h; path = ManualVideoViewController.h; sourceTree = "<group>"; };
		75CCF7C91CBA3E7100A8F349 /* ManualVideoViewController.m */ = {isa = PBXFileReference; fileEncoding = 4; lastKnownFileType = sourcecode.c.objc; path = ManualVideoViewController.m; sourceTree = "<group>"; };
		75CCF7CE1CBA3F7400A8F349 /* ManualVideoTableViewCell.h */ = {isa = PBXFileReference; fileEncoding = 4; lastKnownFileType = sourcecode.c.h; path = ManualVideoTableViewCell.h; sourceTree = "<group>"; };
		75CCF7CF1CBA3F7400A8F349 /* ManualVideoTableViewCell.m */ = {isa = PBXFileReference; fileEncoding = 4; lastKnownFileType = sourcecode.c.objc; path = ManualVideoTableViewCell.m; sourceTree = "<group>"; };
		75CCF7D01CBA3F7400A8F349 /* ManualVideoTableViewCell.xib */ = {isa = PBXFileReference; fileEncoding = 4; lastKnownFileType = file.xib; path = ManualVideoTableViewCell.xib; sourceTree = "<group>"; };
		75CCF7D31CBA470E00A8F349 /* AutoVideoViewController.h */ = {isa = PBXFileReference; fileEncoding = 4; lastKnownFileType = sourcecode.c.h; path = AutoVideoViewController.h; sourceTree = "<group>"; };
		75CCF7D41CBA470E00A8F349 /* AutoVideoViewController.m */ = {isa = PBXFileReference; fileEncoding = 4; lastKnownFileType = sourcecode.c.objc; path = AutoVideoViewController.m; sourceTree = "<group>"; };
		75CCF7D91CBA732900A8F349 /* AutoVideoTableViewCell.h */ = {isa = PBXFileReference; fileEncoding = 4; lastKnownFileType = sourcecode.c.h; path = AutoVideoTableViewCell.h; sourceTree = "<group>"; };
		75CCF7DA1CBA732900A8F349 /* AutoVideoTableViewCell.m */ = {isa = PBXFileReference; fileEncoding = 4; lastKnownFileType = sourcecode.c.objc; path = AutoVideoTableViewCell.m; sourceTree = "<group>"; };
		75CCF7DB1CBA732900A8F349 /* AutoVideoTableViewCell.xib */ = {isa = PBXFileReference; fileEncoding = 4; lastKnownFileType = file.xib; path = AutoVideoTableViewCell.xib; sourceTree = "<group>"; };
		75CCF7E11CBA782500A8F349 /* LCPlayControlView.h */ = {isa = PBXFileReference; fileEncoding = 4; lastKnownFileType = sourcecode.c.h; path = LCPlayControlView.h; sourceTree = "<group>"; };
		75CCF7E21CBA782500A8F349 /* LCPlayControlView.m */ = {isa = PBXFileReference; fileEncoding = 4; lastKnownFileType = sourcecode.c.objc; path = LCPlayControlView.m; sourceTree = "<group>"; };
		7BB4259B6123626150E1F964 /* Pods.debug.xcconfig */ = {isa = PBXFileReference; includeInIndex = 1; lastKnownFileType = text.xcconfig; name = Pods.debug.xcconfig; path = "Pods/Target Support Files/Pods/Pods.debug.xcconfig"; sourceTree = "<group>"; };
		E8D16DBEBBCD69FD1BF9EC71 /* Pods.release.xcconfig */ = {isa = PBXFileReference; includeInIndex = 1; lastKnownFileType = text.xcconfig; name = Pods.release.xcconfig; path = "Pods/Target Support Files/Pods/Pods.release.xcconfig"; sourceTree = "<group>"; };
/* End PBXFileReference section */

/* Begin PBXFrameworksBuildPhase section */
		75903BE61CB415BE0070330D /* Frameworks */ = {
			isa = PBXFrameworksBuildPhase;
			buildActionMask = 2147483647;
			files = (
				756B721B1CB8F31300269EE8 /* AVFoundation.framework in Frameworks */,
				3BDC528F72AB980586454CEE /* Pods.framework in Frameworks */,
			);
			runOnlyForDeploymentPostprocessing = 0;
		};
/* End PBXFrameworksBuildPhase section */

/* Begin PBXGroup section */
		4C69F36C3108AF9B363C1E85 /* Pods */ = {
			isa = PBXGroup;
			children = (
				7BB4259B6123626150E1F964 /* Pods.debug.xcconfig */,
				E8D16DBEBBCD69FD1BF9EC71 /* Pods.release.xcconfig */,
			);
			name = Pods;
			sourceTree = "<group>";
		};
		7506D2371CB416D4009CD911 /* View */ = {
			isa = PBXGroup;
			children = (
				75CCF7B71CBA163000A8F349 /* Cell */,
				75CCF7651CBA069D00A8F349 /* GreenBottomBar.h */,
				75CCF7661CBA069D00A8F349 /* GreenBottomBar.m */,
				75CCF7E11CBA782500A8F349 /* LCPlayControlView.h */,
				75CCF7E21CBA782500A8F349 /* LCPlayControlView.m */,
				752057521CC26A1100DB7183 /* DCFireView.h */,
				752057531CC26A1100DB7183 /* DCFireView.m */,
				750D79D51CC26CAD004EAFFC /* DCTimeView.h */,
				750D79D61CC26CAD004EAFFC /* DCTimeView.m */,
				757A47061CC32B340098DAC5 /* DCRecordTimeView.h */,
				757A47071CC32B340098DAC5 /* DCRecordTimeView.m */,
			);
			path = View;
			sourceTree = "<group>";
		};
		7506D2381CB416D4009CD911 /* ViewController */ = {
			isa = PBXGroup;
			children = (
				7506D2391CB416EA009CD911 /* HomeViewController.h */,
				7506D23A1CB416EA009CD911 /* HomeViewController.m */,
				756B72161CB8F29500269EE8 /* MaterialController.h */,
				756B72171CB8F29500269EE8 /* MaterialController.m */,
				75CCF7C81CBA3E7100A8F349 /* ManualVideoViewController.h */,
				75CCF7C91CBA3E7100A8F349 /* ManualVideoViewController.m */,
				75CCF7D31CBA470E00A8F349 /* AutoVideoViewController.h */,
				75CCF7D41CBA470E00A8F349 /* AutoVideoViewController.m */,
			);
			path = ViewController;
			sourceTree = "<group>";
		};
		756B72191CB8F2CF00269EE8 /* Player */ = {
			isa = PBXGroup;
			children = (
				756B721C1CB8F4B600269EE8 /* LCPlayerView.h */,
				756B721D1CB8F4B600269EE8 /* LCPlayerView.m */,
				756B721F1CB8F5DF00269EE8 /* LCPlayer.h */,
				756B72201CB8F5DF00269EE8 /* LCPlayer.m */,
				7528132C1CC3DE3700BB8026 /* DCAudioPlayer.h */,
				7528132D1CC3DE3700BB8026 /* DCAudioPlayer.m */,
			);
			path = Player;
			sourceTree = "<group>";
		};
		75903BE01CB415BE0070330D = {
			isa = PBXGroup;
			children = (
				75CCF7751CBA0BE100A8F349 /* ShareLib */,
				75903BEB1CB415BE0070330D /* DietCoach */,
				75CCF7881CBA136700A8F349 /* Resource */,
				75903BEA1CB415BE0070330D /* Products */,
				4C69F36C3108AF9B363C1E85 /* Pods */,
				FC34FE29935E957CCDBE4397 /* Frameworks */,
			);
			sourceTree = "<group>";
		};
		75903BEA1CB415BE0070330D /* Products */ = {
			isa = PBXGroup;
			children = (
				75903BE91CB415BE0070330D /* DietCoach.app */,
			);
			name = Products;
			sourceTree = "<group>";
		};
		75903BEB1CB415BE0070330D /* DietCoach */ = {
			isa = PBXGroup;
			children = (
				75903BEF1CB415BE0070330D /* AppDelegate.h */,
				75903BF01CB415BE0070330D /* AppDelegate.m */,
				75CCF77E1CBA0E2600A8F349 /* LCCommonMacro.h */,
				756B72191CB8F2CF00269EE8 /* Player */,
				75CCF7B31CBA149200A8F349 /* ModelData */,
				75CCF7991CBA148000A8F349 /* ModelLayer */,
				7506D2371CB416D4009CD911 /* View */,
				7506D2381CB416D4009CD911 /* ViewController */,
				75903BEC1CB415BE0070330D /* Supporting Files */,
			);
			path = DietCoach;
			sourceTree = "<group>";
		};
		75903BEC1CB415BE0070330D /* Supporting Files */ = {
			isa = PBXGroup;
			children = (
				7541F0D71CC3783300197DA3 /* Assets.xcassets */,
				75903BF51CB415BE0070330D /* Main.storyboard */,
				75903BFA1CB415BE0070330D /* LaunchScreen.storyboard */,
				75903BFD1CB415BE0070330D /* Info.plist */,
				75903BED1CB415BE0070330D /* main.m */,
			);
			name = "Supporting Files";
			sourceTree = "<group>";
		};
		75CCF7751CBA0BE100A8F349 /* ShareLib */ = {
			isa = PBXGroup;
			children = (
			);
			path = ShareLib;
			sourceTree = "<group>";
		};
		75CCF7881CBA136700A8F349 /* Resource */ = {
			isa = PBXGroup;
			children = (
				7528132F1CC3E1CC00BB8026 /* audio1.wav */,
				752813301CC3E1CC00BB8026 /* audio2.wav */,
				752813311CC3E1CC00BB8026 /* audio3.wav */,
				752813321CC3E1CC00BB8026 /* audio4.wav */,
				752813331CC3E1CC00BB8026 /* audio5.wav */,
				752813341CC3E1CC00BB8026 /* audio6.wav */,
				753B4B931CCC4B7D00F78AB6 /* dida.mp3 */,
				75CCF7891CBA136700A8F349 /* cook1.mov */,
				75CCF78A1CBA136700A8F349 /* cook2.mov */,
				75CCF78B1CBA136700A8F349 /* cook3.mov */,
				75CCF78C1CBA136700A8F349 /* cook4.mov */,
				75CCF78D1CBA136700A8F349 /* cook5.mov */,
				75CCF78E1CBA136700A8F349 /* cook6.mov */,
				75CCF78F1CBA136700A8F349 /* meterial.mov */,
				75CCF7901CBA136700A8F349 /* prepare.mov */,
			);
			name = Resource;
			path = DietCoach/Resource;
			sourceTree = "<group>";
		};
		75CCF7991CBA148000A8F349 /* ModelLayer */ = {
			isa = PBXGroup;
			children = (
				75CCF79A1CBA148000A8F349 /* BDReusableViewModel.h */,
				75CCF79B1CBA148000A8F349 /* BDReusableViewModel.m */,
				75CCF79C1CBA148000A8F349 /* ModelDataSource */,
				75CCF7A91CBA148000A8F349 /* UIColorPicker.h */,
				75CCF7AA1CBA148000A8F349 /* UIColorPicker.m */,
			);
			path = ModelLayer;
			sourceTree = "<group>";
		};
		75CCF79C1CBA148000A8F349 /* ModelDataSource */ = {
			isa = PBXGroup;
			children = (
				75CCF79D1CBA148000A8F349 /* BaseModelDataSource.h */,
				75CCF79E1CBA148000A8F349 /* BaseModelDataSource.m */,
				75CCF79F1CBA148000A8F349 /* ModelCollectionViewDataSource.h */,
				75CCF7A01CBA148000A8F349 /* ModelCollectionViewDataSource.m */,
				75CCF7A11CBA148000A8F349 /* ModelTableViewDataSource.h */,
				75CCF7A21CBA148000A8F349 /* ModelTableViewDataSource.m */,
				75CCF7A31CBA148000A8F349 /* ReusableFooterModel.h */,
				75CCF7A41CBA148000A8F349 /* ReusableFooterModel.m */,
				75CCF7A51CBA148000A8F349 /* ReusableHeaderModel.h */,
				75CCF7A61CBA148000A8F349 /* ReusableHeaderModel.m */,
				75CCF7A71CBA148000A8F349 /* SupplementaryModel.h */,
				75CCF7A81CBA148000A8F349 /* SupplementaryModel.m */,
			);
			path = ModelDataSource;
			sourceTree = "<group>";
		};
		75CCF7B31CBA149200A8F349 /* ModelData */ = {
			isa = PBXGroup;
			children = (
				75CCF7B41CBA14AB00A8F349 /* MateriaModel.h */,
				75CCF7B51CBA14AB00A8F349 /* MateriaModel.m */,
				7520574C1CC1EA1100DB7183 /* AutoVideoCellModel.h */,
				7520574D1CC1EA1100DB7183 /* AutoVideoCellModel.m */,
				755B01371CBFECF4003838D9 /* DCFireViewModel.h */,
				755B01381CBFECF4003838D9 /* DCFireViewModel.m */,
				752057461CC1E52200DB7183 /* DCTimeModel.h */,
				752057471CC1E52200DB7183 /* DCTimeModel.m */,
				7520574F1CC25F2A00DB7183 /* DCPlayerControlModel.h */,
				752057501CC25F2A00DB7183 /* DCPlayerControlModel.m */,
				755B01341CBFEA4D003838D9 /* AutoVideoViewModel.h */,
				755B01351CBFEA4D003838D9 /* AutoVideoViewModel.m */,
			);
			path = ModelData;
			sourceTree = "<group>";
		};
		75CCF7B71CBA163000A8F349 /* Cell */ = {
			isa = PBXGroup;
			children = (
				75CCF7B81CBA163000A8F349 /* HomeTableViewCell.h */,
				75CCF7B91CBA163000A8F349 /* HomeTableViewCell.m */,
				75CCF7BA1CBA163000A8F349 /* HomeTableViewCell.xib */,
				75CCF7C31CBA168200A8F349 /* MaterialTableViewCell.h */,
				75CCF7C41CBA168200A8F349 /* MaterialTableViewCell.m */,
				75CCF7C51CBA168200A8F349 /* MaterialTableViewCell.xib */,
				75CCF7CE1CBA3F7400A8F349 /* ManualVideoTableViewCell.h */,
				75CCF7CF1CBA3F7400A8F349 /* ManualVideoTableViewCell.m */,
				75CCF7D01CBA3F7400A8F349 /* ManualVideoTableViewCell.xib */,
				75CCF7D91CBA732900A8F349 /* AutoVideoTableViewCell.h */,
				75CCF7DA1CBA732900A8F349 /* AutoVideoTableViewCell.m */,
				75CCF7DB1CBA732900A8F349 /* AutoVideoTableViewCell.xib */,
			);
			path = Cell;
			sourceTree = "<group>";
		};
		FC34FE29935E957CCDBE4397 /* Frameworks */ = {
			isa = PBXGroup;
			children = (
				756B721A1CB8F31300269EE8 /* AVFoundation.framework */,
				1747CFC0C2EE27C330709955 /* Pods.framework */,
			);
			name = Frameworks;
			sourceTree = "<group>";
		};
/* End PBXGroup section */

/* Begin PBXNativeTarget section */
		75903BE81CB415BE0070330D /* DietCoach */ = {
			isa = PBXNativeTarget;
			buildConfigurationList = 75903C001CB415BE0070330D /* Build configuration list for PBXNativeTarget "DietCoach" */;
			buildPhases = (
				EA62E105B9C6B3FACE59D303 /* Check Pods Manifest.lock */,
				75903BE51CB415BE0070330D /* Sources */,
				75903BE61CB415BE0070330D /* Frameworks */,
				75903BE71CB415BE0070330D /* Resources */,
				4E7CD445C7DE8DD5559845B1 /* Embed Pods Frameworks */,
				9B717AC9EC8374F22538745C /* Copy Pods Resources */,
			);
			buildRules = (
			);
			dependencies = (
			);
			name = DietCoach;
			productName = DietCoach;
			productReference = 75903BE91CB415BE0070330D /* DietCoach.app */;
			productType = "com.apple.product-type.application";
		};
/* End PBXNativeTarget section */

/* Begin PBXProject section */
		75903BE11CB415BE0070330D /* Project object */ = {
			isa = PBXProject;
			attributes = {
				LastUpgradeCheck = 0730;
				ORGANIZATIONNAME = jiangliancheng;
				TargetAttributes = {
					75903BE81CB415BE0070330D = {
						CreatedOnToolsVersion = 7.3;
					};
				};
			};
			buildConfigurationList = 75903BE41CB415BE0070330D /* Build configuration list for PBXProject "DietCoach" */;
			compatibilityVersion = "Xcode 3.2";
			developmentRegion = English;
			hasScannedForEncodings = 0;
			knownRegions = (
				en,
				Base,
			);
			mainGroup = 75903BE01CB415BE0070330D;
			productRefGroup = 75903BEA1CB415BE0070330D /* Products */;
			projectDirPath = "";
			projectRoot = "";
			targets = (
				75903BE81CB415BE0070330D /* DietCoach */,
			);
		};
/* End PBXProject section */

/* Begin PBXResourcesBuildPhase section */
		75903BE71CB415BE0070330D /* Resources */ = {
			isa = PBXResourcesBuildPhase;
			buildActionMask = 2147483647;
			files = (
				75CCF7951CBA136700A8F349 /* cook5.mov in Resources */,
				75903BFC1CB415BE0070330D /* LaunchScreen.storyboard in Resources */,
				75CCF7941CBA136700A8F349 /* cook4.mov in Resources */,
				75CCF7911CBA136700A8F349 /* cook1.mov in Resources */,
				7541F0D81CC3783300197DA3 /* Assets.xcassets in Resources */,
				75CCF7D21CBA3F7400A8F349 /* ManualVideoTableViewCell.xib in Resources */,
				75CCF7921CBA136700A8F349 /* cook2.mov in Resources */,
				75CCF7C71CBA168200A8F349 /* MaterialTableViewCell.xib in Resources */,
				752813361CC3E1CC00BB8026 /* audio2.wav in Resources */,
				75CCF7981CBA136700A8F349 /* prepare.mov in Resources */,
				752813351CC3E1CC00BB8026 /* audio1.wav in Resources */,
				75CCF7BC1CBA163000A8F349 /* HomeTableViewCell.xib in Resources */,
				75CCF7961CBA136700A8F349 /* cook6.mov in Resources */,
				7528133A1CC3E1CC00BB8026 /* audio6.wav in Resources */,
				753B4B941CCC4B7D00F78AB6 /* dida.mp3 in Resources */,
				752813371CC3E1CC00BB8026 /* audio3.wav in Resources */,
				75903BF71CB415BE0070330D /* Main.storyboard in Resources */,
				75CCF7931CBA136700A8F349 /* cook3.mov in Resources */,
				75CCF7DD1CBA732900A8F349 /* AutoVideoTableViewCell.xib in Resources */,
				752813391CC3E1CC00BB8026 /* audio5.wav in Resources */,
				752813381CC3E1CC00BB8026 /* audio4.wav in Resources */,
				75CCF7971CBA136700A8F349 /* meterial.mov in Resources */,
			);
			runOnlyForDeploymentPostprocessing = 0;
		};
/* End PBXResourcesBuildPhase section */

/* Begin PBXShellScriptBuildPhase section */
		4E7CD445C7DE8DD5559845B1 /* Embed Pods Frameworks */ = {
			isa = PBXShellScriptBuildPhase;
			buildActionMask = 2147483647;
			files = (
			);
			inputPaths = (
			);
			name = "Embed Pods Frameworks";
			outputPaths = (
			);
			runOnlyForDeploymentPostprocessing = 0;
			shellPath = /bin/sh;
			shellScript = "\"${SRCROOT}/Pods/Target Support Files/Pods/Pods-frameworks.sh\"\n";
			showEnvVarsInLog = 0;
		};
		9B717AC9EC8374F22538745C /* Copy Pods Resources */ = {
			isa = PBXShellScriptBuildPhase;
			buildActionMask = 2147483647;
			files = (
			);
			inputPaths = (
			);
			name = "Copy Pods Resources";
			outputPaths = (
			);
			runOnlyForDeploymentPostprocessing = 0;
			shellPath = /bin/sh;
			shellScript = "\"${SRCROOT}/Pods/Target Support Files/Pods/Pods-resources.sh\"\n";
			showEnvVarsInLog = 0;
		};
		EA62E105B9C6B3FACE59D303 /* Check Pods Manifest.lock */ = {
			isa = PBXShellScriptBuildPhase;
			buildActionMask = 2147483647;
			files = (
			);
			inputPaths = (
			);
			name = "Check Pods Manifest.lock";
			outputPaths = (
			);
			runOnlyForDeploymentPostprocessing = 0;
			shellPath = /bin/sh;
			shellScript = "diff \"${PODS_ROOT}/../Podfile.lock\" \"${PODS_ROOT}/Manifest.lock\" > /dev/null\nif [[ $? != 0 ]] ; then\n    cat << EOM\nerror: The sandbox is not in sync with the Podfile.lock. Run 'pod install' or update your CocoaPods installation.\nEOM\n    exit 1\nfi\n";
			showEnvVarsInLog = 0;
		};
/* End PBXShellScriptBuildPhase section */

/* Begin PBXSourcesBuildPhase section */
		75903BE51CB415BE0070330D /* Sources */ = {
			isa = PBXSourcesBuildPhase;
			buildActionMask = 2147483647;
			files = (
				75CCF7C61CBA168200A8F349 /* MaterialTableViewCell.m in Sources */,
				75CCF7E31CBA782500A8F349 /* LCPlayControlView.m in Sources */,
				7520574E1CC1EA1100DB7183 /* AutoVideoCellModel.m in Sources */,
				752057511CC25F2A00DB7183 /* DCPlayerControlModel.m in Sources */,
				756B721E1CB8F4B600269EE8 /* LCPlayerView.m in Sources */,
				75CCF7BB1CBA163000A8F349 /* HomeTableViewCell.m in Sources */,
				75CCF7B11CBA148000A8F349 /* SupplementaryModel.m in Sources */,
				75CCF7AC1CBA148000A8F349 /* BaseModelDataSource.m in Sources */,
				752057481CC1E52200DB7183 /* DCTimeModel.m in Sources */,
				75CCF7AE1CBA148000A8F349 /* ModelTableViewDataSource.m in Sources */,
				75CCF7CA1CBA3E7100A8F349 /* ManualVideoViewController.m in Sources */,
				75CCF7B01CBA148000A8F349 /* ReusableHeaderModel.m in Sources */,
				75CCF7D51CBA470E00A8F349 /* AutoVideoViewController.m in Sources */,
				756B72211CB8F5DF00269EE8 /* LCPlayer.m in Sources */,
				75CCF7AF1CBA148000A8F349 /* ReusableFooterModel.m in Sources */,
				75903BF11CB415BE0070330D /* AppDelegate.m in Sources */,
				7528132E1CC3DE3700BB8026 /* DCAudioPlayer.m in Sources */,
				755B01361CBFEA4D003838D9 /* AutoVideoViewModel.m in Sources */,
				75CCF7DC1CBA732900A8F349 /* AutoVideoTableViewCell.m in Sources */,
				75CCF7D11CBA3F7400A8F349 /* ManualVideoTableViewCell.m in Sources */,
				752057541CC26A1100DB7183 /* DCFireView.m in Sources */,
				75CCF7AD1CBA148000A8F349 /* ModelCollectionViewDataSource.m in Sources */,
				75903BEE1CB415BE0070330D /* main.m in Sources */,
				750D79D71CC26CAD004EAFFC /* DCTimeView.m in Sources */,
				756B72181CB8F29500269EE8 /* MaterialController.m in Sources */,
				757A47081CC32B340098DAC5 /* DCRecordTimeView.m in Sources */,
				75CCF7AB1CBA148000A8F349 /* BDReusableViewModel.m in Sources */,
				75CCF7B21CBA148000A8F349 /* UIColorPicker.m in Sources */,
				755B01391CBFECF4003838D9 /* DCFireViewModel.m in Sources */,
				75CCF7B61CBA14AB00A8F349 /* MateriaModel.m in Sources */,
				7506D23B1CB416EA009CD911 /* HomeViewController.m in Sources */,
				75CCF7671CBA069D00A8F349 /* GreenBottomBar.m in Sources */,
			);
			runOnlyForDeploymentPostprocessing = 0;
		};
/* End PBXSourcesBuildPhase section */

/* Begin PBXVariantGroup section */
		75903BF51CB415BE0070330D /* Main.storyboard */ = {
			isa = PBXVariantGroup;
			children = (
				75903BF61CB415BE0070330D /* Base */,
			);
			name = Main.storyboard;
			sourceTree = "<group>";
		};
		75903BFA1CB415BE0070330D /* LaunchScreen.storyboard */ = {
			isa = PBXVariantGroup;
			children = (
				75903BFB1CB415BE0070330D /* Base */,
			);
			name = LaunchScreen.storyboard;
			sourceTree = "<group>";
		};
/* End PBXVariantGroup section */

/* Begin XCBuildConfiguration section */
		75903BFE1CB415BE0070330D /* Debug */ = {
			isa = XCBuildConfiguration;
			buildSettings = {
				ALWAYS_SEARCH_USER_PATHS = NO;
				CLANG_ANALYZER_NONNULL = YES;
				CLANG_CXX_LANGUAGE_STANDARD = "gnu++0x";
				CLANG_CXX_LIBRARY = "libc++";
				CLANG_ENABLE_MODULES = YES;
				CLANG_ENABLE_OBJC_ARC = YES;
				CLANG_WARN_BOOL_CONVERSION = YES;
				CLANG_WARN_CONSTANT_CONVERSION = YES;
				CLANG_WARN_DIRECT_OBJC_ISA_USAGE = YES_ERROR;
				CLANG_WARN_EMPTY_BODY = YES;
				CLANG_WARN_ENUM_CONVERSION = YES;
				CLANG_WARN_INT_CONVERSION = YES;
				CLANG_WARN_OBJC_ROOT_CLASS = YES_ERROR;
				CLANG_WARN_UNREACHABLE_CODE = YES;
				CLANG_WARN__DUPLICATE_METHOD_MATCH = YES;
				"CODE_SIGN_IDENTITY[sdk=iphoneos*]" = "iPhone Developer";
				COPY_PHASE_STRIP = NO;
				DEBUG_INFORMATION_FORMAT = dwarf;
				ENABLE_STRICT_OBJC_MSGSEND = YES;
				ENABLE_TESTABILITY = YES;
				GCC_C_LANGUAGE_STANDARD = gnu99;
				GCC_DYNAMIC_NO_PIC = NO;
				GCC_NO_COMMON_BLOCKS = YES;
				GCC_OPTIMIZATION_LEVEL = 0;
				GCC_PREPROCESSOR_DEFINITIONS = (
					"DEBUG=1",
					"$(inherited)",
				);
				GCC_SYMBOLS_PRIVATE_EXTERN = NO;
				GCC_WARN_64_TO_32_BIT_CONVERSION = YES;
				GCC_WARN_ABOUT_RETURN_TYPE = YES_ERROR;
				GCC_WARN_UNDECLARED_SELECTOR = YES;
				GCC_WARN_UNINITIALIZED_AUTOS = YES_AGGRESSIVE;
				GCC_WARN_UNUSED_FUNCTION = YES;
				GCC_WARN_UNUSED_VARIABLE = YES;
				IPHONEOS_DEPLOYMENT_TARGET = 9.3;
				MTL_ENABLE_DEBUG_INFO = YES;
				ONLY_ACTIVE_ARCH = YES;
				SDKROOT = iphoneos;
				TARGETED_DEVICE_FAMILY = "1,2";
			};
			name = Debug;
		};
		75903BFF1CB415BE0070330D /* Release */ = {
			isa = XCBuildConfiguration;
			buildSettings = {
				ALWAYS_SEARCH_USER_PATHS = NO;
				CLANG_ANALYZER_NONNULL = YES;
				CLANG_CXX_LANGUAGE_STANDARD = "gnu++0x";
				CLANG_CXX_LIBRARY = "libc++";
				CLANG_ENABLE_MODULES = YES;
				CLANG_ENABLE_OBJC_ARC = YES;
				CLANG_WARN_BOOL_CONVERSION = YES;
				CLANG_WARN_CONSTANT_CONVERSION = YES;
				CLANG_WARN_DIRECT_OBJC_ISA_USAGE = YES_ERROR;
				CLANG_WARN_EMPTY_BODY = YES;
				CLANG_WARN_ENUM_CONVERSION = YES;
				CLANG_WARN_INT_CONVERSION = YES;
				CLANG_WARN_OBJC_ROOT_CLASS = YES_ERROR;
				CLANG_WARN_UNREACHABLE_CODE = YES;
				CLANG_WARN__DUPLICATE_METHOD_MATCH = YES;
				"CODE_SIGN_IDENTITY[sdk=iphoneos*]" = "iPhone Developer";
				COPY_PHASE_STRIP = NO;
				DEBUG_INFORMATION_FORMAT = "dwarf-with-dsym";
				ENABLE_NS_ASSERTIONS = NO;
				ENABLE_STRICT_OBJC_MSGSEND = YES;
				GCC_C_LANGUAGE_STANDARD = gnu99;
				GCC_NO_COMMON_BLOCKS = YES;
				GCC_WARN_64_TO_32_BIT_CONVERSION = YES;
				GCC_WARN_ABOUT_RETURN_TYPE = YES_ERROR;
				GCC_WARN_UNDECLARED_SELECTOR = YES;
				GCC_WARN_UNINITIALIZED_AUTOS = YES_AGGRESSIVE;
				GCC_WARN_UNUSED_FUNCTION = YES;
				GCC_WARN_UNUSED_VARIABLE = YES;
				IPHONEOS_DEPLOYMENT_TARGET = 9.3;
				MTL_ENABLE_DEBUG_INFO = NO;
				SDKROOT = iphoneos;
				TARGETED_DEVICE_FAMILY = "1,2";
				VALIDATE_PRODUCT = YES;
			};
			name = Release;
		};
		75903C011CB415BE0070330D /* Debug */ = {
			isa = XCBuildConfiguration;
			baseConfigurationReference = 7BB4259B6123626150E1F964 /* Pods.debug.xcconfig */;
			buildSettings = {
				ASSETCATALOG_COMPILER_APPICON_NAME = AppIcon;
				GCC_SYMBOLS_PRIVATE_EXTERN = NO;
				INFOPLIST_FILE = DietCoach/Info.plist;
				LD_RUNPATH_SEARCH_PATHS = "$(inherited) @executable_path/Frameworks";
				PRODUCT_BUNDLE_IDENTIFIER = com.baidu.DietCoach;
				PRODUCT_NAME = "$(TARGET_NAME)";
			};
			name = Debug;
		};
		75903C021CB415BE0070330D /* Release */ = {
			isa = XCBuildConfiguration;
			baseConfigurationReference = E8D16DBEBBCD69FD1BF9EC71 /* Pods.release.xcconfig */;
			buildSettings = {
				ASSETCATALOG_COMPILER_APPICON_NAME = AppIcon;
				INFOPLIST_FILE = DietCoach/Info.plist;
				LD_RUNPATH_SEARCH_PATHS = "$(inherited) @executable_path/Frameworks";
				PRODUCT_BUNDLE_IDENTIFIER = com.baidu.DietCoach;
				PRODUCT_NAME = "$(TARGET_NAME)";
			};
			name = Release;
		};
/* End XCBuildConfiguration section */

/* Begin XCConfigurationList section */
		75903BE41CB415BE0070330D /* Build configuration list for PBXProject "DietCoach" */ = {
			isa = XCConfigurationList;
			buildConfigurations = (
				75903BFE1CB415BE0070330D /* Debug */,
				75903BFF1CB415BE0070330D /* Release */,
			);
			defaultConfigurationIsVisible = 0;
			defaultConfigurationName = Release;
		};
		75903C001CB415BE0070330D /* Build configuration list for PBXNativeTarget "DietCoach" */ = {
			isa = XCConfigurationList;
			buildConfigurations = (
				75903C011CB415BE0070330D /* Debug */,
				75903C021CB415BE0070330D /* Release */,
			);
			defaultConfigurationIsVisible = 0;
			defaultConfigurationName = Release;
		};
/* End XCConfigurationList section */
	};
	rootObject = 75903BE11CB415BE0070330D /* Project object */;
}
